
Microsoft Visual Studio Solution File, Format Version 12.00
# Visual Studio Version 17
VisualStudioVersion = 17.0.32014.148
MinimumVisualStudioVersion = 10.0.40219.1
Project("{9A19103F-16F7-4668-BE54-9A1E7A4F7556}") = "OMISServiceApi", "OMISServiceApi\OMISServiceApi.csproj", "{6E154F43-31F4-48F6-9479-D03CCFF15263}"
	ProjectSection(ProjectDependencies) = postProject
		{FCDB8E76-D04D-4825-B496-5328D6AB4B9E} = {FCDB8E76-D04D-4825-B496-5328D6AB4B9E}
	EndProjectSection
EndProject
Project("{9A19103F-16F7-4668-BE54-9A1E7A4F7556}") = "OMISServiceHub", "OMISServiceHub\OMISServiceHub.csproj", "{FCDB8E76-D04D-4825-B496-5328D6AB4B9E}"
	ProjectSection(ProjectDependencies) = postProject
		{E52DC09C-2BB0-4740-A1AA-E85B790EB7CD} = {E52DC09C-2BB0-4740-A1AA-E85B790EB7CD}
		{447C0EED-219F-4373-B450-8ACCAE7C6805} = {447C0EED-219F-4373-B450-8ACCAE7C6805}
	EndProjectSection
EndProject
Project("{9A19103F-16F7-4668-BE54-9A1E7A4F7556}") = "SharedStorage", "SharedStorage\SharedStorage.csproj", "{E52DC09C-2BB0-4740-A1AA-E85B790EB7CD}"
EndProject
Project("{9A19103F-16F7-4668-BE54-9A1E7A4F7556}") = "OMISDataModel", "OMISDataModel\OMISDataModel.csproj", "{447C0EED-219F-4373-B450-8ACCAE7C6805}"
EndProject
Global
	GlobalSection(SolutionConfigurationPlatforms) = preSolution
		Debug|Any CPU = Debug|Any CPU
		Release|Any CPU = Release|Any CPU
	EndGlobalSection
	GlobalSection(ProjectConfigurationPlatforms) = postSolution
		{6E154F43-31F4-48F6-9479-D03CCFF15263}.Debug|Any CPU.ActiveCfg = Debug|Any CPU
		{6E154F43-31F4-48F6-9479-D03CCFF15263}.Debug|Any CPU.Build.0 = Debug|Any CPU
		{6E154F43-31F4-48F6-9479-D03CCFF15263}.Release|Any CPU.ActiveCfg = Release|Any CPU
		{6E154F43-31F4-48F6-9479-D03CCFF15263}.Release|Any CPU.Build.0 = Release|Any CPU
		{FCDB8E76-D04D-4825-B496-5328D6AB4B9E}.Debug|Any CPU.ActiveCfg = Debug|Any CPU
		{FCDB8E76-D04D-4825-B496-5328D6AB4B9E}.Debug|Any CPU.Build.0 = Debug|Any CPU
		{FCDB8E76-D04D-4825-B496-5328D6AB4B9E}.Release|Any CPU.ActiveCfg = Release|Any CPU
		{FCDB8E76-D04D-4825-B496-5328D6AB4B9E}.Release|Any CPU.Build.0 = Release|Any CPU
		{E52DC09C-2BB0-4740-A1AA-E85B790EB7CD}.Debug|Any CPU.ActiveCfg = Debug|Any CPU
		{E52DC09C-2BB0-4740-A1AA-E85B790EB7CD}.Debug|Any CPU.Build.0 = Debug|Any CPU
		{E52DC09C-2BB0-4740-A1AA-E85B790EB7CD}.Release|Any CPU.ActiveCfg = Release|Any CPU
		{E52DC09C-2BB0-4740-A1AA-E85B790EB7CD}.Release|Any CPU.Build.0 = Release|Any CPU
		{447C0EED-219F-4373-B450-8ACCAE7C6805}.Debug|Any CPU.ActiveCfg = Debug|Any CPU
		{447C0EED-219F-4373-B450-8ACCAE7C6805}.Debug|Any CPU.Build.0 = Debug|Any CPU
		{447C0EED-219F-4373-B450-8ACCAE7C6805}.Release|Any CPU.ActiveCfg = Release|Any CPU
		{447C0EED-219F-4373-B450-8ACCAE7C6805}.Release|Any CPU.Build.0 = Release|Any CPU
	EndGlobalSection
	GlobalSection(SolutionProperties) = preSolution
		HideSolutionNode = FALSE
	EndGlobalSection
	GlobalSection(ExtensibilityGlobals) = postSolution
		SolutionGuid = {3403181D-6C1C-4990-8FE1-D399E0942ADE}
	EndGlobalSection
EndGlobal
